
Microsoft Visual Studio Solution File, Format Version 12.00
# Visual Studio Version 17
VisualStudioVersion = 17.1.32228.430
MinimumVisualStudioVersion = 10.0.40219.1
Project("{9A19103F-16F7-4668-BE54-9A1E7A4F7556}") = "CountryhouseService.API", "src\CountryhouseService.API\CountryhouseService.API.csproj", "{C8F1CC35-0E83-4FC5-99D4-2A9B8BBDF886}"
EndProject
Project("{9A19103F-16F7-4668-BE54-9A1E7A4F7556}") = "CountryhouseService.Tests", "src\CountryhouseService.Tests\CountryhouseService.Tests.csproj", "{BB745EE0-482E-4B32-880F-452B12FCC69B}"
EndProject
Project("{2150E333-8FDC-42A3-9474-1A3956D46DE8}") = "src", "src", "{8C3F4BC5-9E46-4497-BBFB-7C2BAD9ADCD4}"
EndProject
Project("{E53339B2-1760-4266-BCC7-CA923CBCF16C}") = "docker-compose", "docker-compose.dcproj", "{C5E38935-CA35-4C4E-9623-B5BF919FA06C}"
EndProject
Global
	GlobalSection(SolutionConfigurationPlatforms) = preSolution
		Debug|Any CPU = Debug|Any CPU
		Release|Any CPU = Release|Any CPU
	EndGlobalSection
	GlobalSection(ProjectConfigurationPlatforms) = postSolution
		{C8F1CC35-0E83-4FC5-99D4-2A9B8BBDF886}.Debug|Any CPU.ActiveCfg = Debug|Any CPU
		{C8F1CC35-0E83-4FC5-99D4-2A9B8BBDF886}.Debug|Any CPU.Build.0 = Debug|Any CPU
		{C8F1CC35-0E83-4FC5-99D4-2A9B8BBDF886}.Release|Any CPU.ActiveCfg = Release|Any CPU
		{C8F1CC35-0E83-4FC5-99D4-2A9B8BBDF886}.Release|Any CPU.Build.0 = Release|Any CPU
		{BB745EE0-482E-4B32-880F-452B12FCC69B}.Debug|Any CPU.ActiveCfg = Debug|Any CPU
		{BB745EE0-482E-4B32-880F-452B12FCC69B}.Debug|Any CPU.Build.0 = Debug|Any CPU
		{BB745EE0-482E-4B32-880F-452B12FCC69B}.Release|Any CPU.ActiveCfg = Release|Any CPU
		{BB745EE0-482E-4B32-880F-452B12FCC69B}.Release|Any CPU.Build.0 = Release|Any CPU
		{C5E38935-CA35-4C4E-9623-B5BF919FA06C}.Debug|Any CPU.ActiveCfg = Debug|Any CPU
		{C5E38935-CA35-4C4E-9623-B5BF919FA06C}.Debug|Any CPU.Build.0 = Debug|Any CPU
		{C5E38935-CA35-4C4E-9623-B5BF919FA06C}.Release|Any CPU.ActiveCfg = Release|Any CPU
		{C5E38935-CA35-4C4E-9623-B5BF919FA06C}.Release|Any CPU.Build.0 = Release|Any CPU
	EndGlobalSection
	GlobalSection(SolutionProperties) = preSolution
		HideSolutionNode = FALSE
	EndGlobalSection
	GlobalSection(NestedProjects) = preSolution
		{C8F1CC35-0E83-4FC5-99D4-2A9B8BBDF886} = {8C3F4BC5-9E46-4497-BBFB-7C2BAD9ADCD4}
		{BB745EE0-482E-4B32-880F-452B12FCC69B} = {8C3F4BC5-9E46-4497-BBFB-7C2BAD9ADCD4}
	EndGlobalSection
	GlobalSection(ExtensibilityGlobals) = postSolution
		SolutionGuid = {C3C8330C-75BD-42CA-8DBC-84DE56A9AE5E}
	EndGlobalSection
EndGlobal
